
Microsoft Visual Studio Solution File, Format Version 12.00
# Visual Studio 15
VisualStudioVersion = 15.0.27004.2002
MinimumVisualStudioVersion = 10.0.40219.1
Project("{FAE04EC0-301F-11D3-BF4B-00C04F79EFBC}") = "CarRental", "CarRental\CarRental.csproj", "{176686A0-4557-419F-A705-A437EDD9E15E}"
EndProject
Global
	GlobalSection(SolutionConfigurationPlatforms) = preSolution
		Debug|Any CPU = Debug|Any CPU
		Release|Any CPU = Release|Any CPU
	EndGlobalSection
	GlobalSection(ProjectConfigurationPlatforms) = postSolution
		{176686A0-4557-419F-A705-A437EDD9E15E}.Debug|Any CPU.ActiveCfg = Debug|Any CPU
		{176686A0-4557-419F-A705-A437EDD9E15E}.Debug|Any CPU.Build.0 = Debug|Any CPU
		{176686A0-4557-419F-A705-A437EDD9E15E}.Release|Any CPU.ActiveCfg = Release|Any CPU
		{176686A0-4557-419F-A705-A437EDD9E15E}.Release|Any CPU.Build.0 = Release|Any CPU
	EndGlobalSection
	GlobalSection(SolutionProperties) = preSolution
		HideSolutionNode = FALSE
	EndGlobalSection
	GlobalSection(ExtensibilityGlobals) = postSolution
		SolutionGuid = {3A7C453A-24CA-4B9E-9C58-C2EA66149362}
	EndGlobalSection
EndGlobal
